
Microsoft Visual Studio Solution File, Format Version 12.00
# Visual Studio 16
Project("{FAE04EC0-301F-11D3-BF4B-00C04F79EFBC}") = "Main", "Main.csproj", "{80B1BE1D-73ED-4F8B-6819-7052A119240F}"
EndProject
Project("{FAE04EC0-301F-11D3-BF4B-00C04F79EFBC}") = "PlayerTests", "PlayerTests.csproj", "{72C5A02F-198F-50A4-CA60-D43352140B40}"
EndProject
Project("{FAE04EC0-301F-11D3-BF4B-00C04F79EFBC}") = "EditorTests", "EditorTests.csproj", "{4259183A-8C83-BCD7-4648-A86F73D909E0}"
EndProject
Global
	GlobalSection(SolutionConfigurationPlatforms) = preSolution
		Debug|Any CPU = Debug|Any CPU
		Release|Any CPU = Release|Any CPU
	EndGlobalSection
	GlobalSection(ProjectConfigurationPlatforms) = postSolution
		{80B1BE1D-73ED-4F8B-6819-7052A119240F}.Debug|Any CPU.ActiveCfg = Debug|Any CPU
		{80B1BE1D-73ED-4F8B-6819-7052A119240F}.Debug|Any CPU.Build.0 = Debug|Any CPU
		{80B1BE1D-73ED-4F8B-6819-7052A119240F}.Release|Any CPU.ActiveCfg = Release|Any CPU
		{80B1BE1D-73ED-4F8B-6819-7052A119240F}.Release|Any CPU.Build.0 = Release|Any CPU
		{72C5A02F-198F-50A4-CA60-D43352140B40}.Debug|Any CPU.ActiveCfg = Debug|Any CPU
		{72C5A02F-198F-50A4-CA60-D43352140B40}.Debug|Any CPU.Build.0 = Debug|Any CPU
		{72C5A02F-198F-50A4-CA60-D43352140B40}.Release|Any CPU.ActiveCfg = Release|Any CPU
		{72C5A02F-198F-50A4-CA60-D43352140B40}.Release|Any CPU.Build.0 = Release|Any CPU
		{4259183A-8C83-BCD7-4648-A86F73D909E0}.Debug|Any CPU.ActiveCfg = Debug|Any CPU
		{4259183A-8C83-BCD7-4648-A86F73D909E0}.Debug|Any CPU.Build.0 = Debug|Any CPU
		{4259183A-8C83-BCD7-4648-A86F73D909E0}.Release|Any CPU.ActiveCfg = Release|Any CPU
		{4259183A-8C83-BCD7-4648-A86F73D909E0}.Release|Any CPU.Build.0 = Release|Any CPU
	EndGlobalSection
	GlobalSection(SolutionProperties) = preSolution
		HideSolutionNode = FALSE
	EndGlobalSection
EndGlobal
